# This file is autogenerated, do not edit; changes may be undone by the next 'dep ensure'.


[[projects]]
  name = "github.com/ghodss/yaml"
  packages = ["."]
  revision = "0ca9ea5df5451ffdf184b4428c902747c2c11cd7"
  version = "v1.0.0"

[[projects]]
  name = "github.com/klauspost/compress"
  packages = [
    "flate",
    "gzip",
    "zlib"
  ]
  revision = "b939724e787a27c0005cabe3f78e7ed7987ac74f"
  version = "v1.4.0"

[[projects]]
  name = "github.com/klauspost/cpuid"
  packages = ["."]
  revision = "ae7887de9fa5d2db4eaa8174a7eff2c1ac00f2da"
  version = "v1.1"

[[projects]]
  name = "github.com/mattn/go-colorable"
  packages = ["."]
  revision = "167de6bfdfba052fa6b2d3664c8f5272e23c9072"
  version = "v0.0.9"

[[projects]]
  name = "github.com/mattn/go-isatty"
  packages = ["."]
  revision = "0360b2af4f38e8d38c7fce2a9f4e702702d73a39"
  version = "v0.0.3"

[[projects]]
  branch = "master"
  name = "github.com/mgutz/ansi"
  packages = ["."]
  revision = "9520e82c474b0a04dd04f8a40959027271bab992"

[[projects]]
  branch = "master"
  name = "github.com/nuclio/logger"
  packages = ["."]
  revision = "ccc5ab971395c6eae9a743a678d7b1bcb8e70414"

[[projects]]
  branch = "master"
  name = "github.com/nuclio/zap"
  packages = ["."]
  revision = "4a2bd2f9ef28a241ed7e3a67afa4ee8a7f1fa1ed"

[[projects]]
  name = "github.com/pavius/zap"
  packages = [
    ".",
    "zapcore"
  ]
  revision = "72313cde80537dd4dc9b7b80eda6d7ed796c4232"
  version = "v1.0.0-rc.1"

[[projects]]
  name = "github.com/pkg/errors"
  packages = ["."]
  revision = "645ef00459ed84a119197bfb8d8205042c6df63d"
  version = "v0.8.0"

[[projects]]
  branch = "master"
  name = "github.com/v3io/v3io-go-http"
  packages = ["."]
  revision = "aad02474afce6802d0d121ff861975d40004d4ef"

[[projects]]
  branch = "master"
  name = "github.com/valyala/bytebufferpool"
  packages = ["."]
  revision = "e746df99fe4a3986f4d4f79e13c1e0117ce9c2f7"

[[projects]]
  name = "github.com/valyala/fasthttp"
  packages = [
    ".",
    "fasthttputil",
    "stackless"
  ]
  revision = "e5f51c11919d4f66400334047b897ef0a94c6f3c"
  version = "v20180529"

[[projects]]
  name = "go.uber.org/atomic"
  packages = ["."]
  revision = "9e99152552a6ce13fa3b2ce4a9c4fb117cca4506"

[[projects]]
  name = "go.uber.org/zap"
  packages = [
    "buffer",
    "internal/bufferpool",
    "internal/color",
    "internal/exit",
    "internal/multierror",
    "zapcore"
  ]
  revision = "9cabc84638b70e564c3dab2766efcb1ded2aac9f"
  version = "v1.4.1"

[[projects]]
  branch = "master"
  name = "golang.org/x/sys"
  packages = ["unix"]
  revision = "98c5dad5d1a0e8a73845ecc8897d0bd56586511d"

[[projects]]
  name = "gopkg.in/yaml.v2"
  packages = ["."]
  revision = "5420a8b6744d3b0345ab293f6fcba19c978f1183"
  version = "v2.2.1"

[solve-meta]
  analyzer-name = "dep"
  analyzer-version = 1
  inputs-digest = "5bea98548bc4264808079cbde0c9dea11bd5687241482f5ee8540f39c4350cec"
  solver-name = "gps-cdcl"
  solver-version = 1
